{
    "name": "elephpant.me",
    "lockfileVersion": 3,
    "requires": true,
    "packages": {
        "": {
            "devDependencies": {
                "@tailwindcss/vite": "^4.0.0",
                "flag-icon-css": "^3.4.2",
                "laravel-vite-plugin": "^3.0",
                "tailwindcss": "^4.0.0",
                "vite": "^8.0.0"
            }
        },
        "node_modules/@jridgewell/gen-mapping": {
            "version": "0.3.13",
            "dev": true,
            "license": "MIT",
            "dependencies": {
                "@jridgewell/sourcemap-codec": "^1.5.0",
                "@jridgewell/trace-mapping": "^0.3.24"
            }
        },
        "node_modules/@jridgewell/remapping": {
            "version": "2.3.5",
            "dev": true,
            "license": "MIT",
            "dependencies": {
                "@jridgewell/gen-mapping": "^0.3.5",
                "@jridgewell/trace-mapping": "^0.3.24"
            }
        },
        "node_modules/@jridgewell/resolve-uri": {
            "version": "3.1.2",
            "dev": true,
            "license": "MIT",
            "engines": {
                "node": ">=6.0.0"
            }
        },
        "node_modules/@jridgewell/sourcemap-codec": {
            "version": "1.5.5",
            "dev": true,
            "license": "MIT"
        },
        "node_modules/@jridgewell/trace-mapping": {
            "version": "0.3.31",
            "dev": true,
            "license": "MIT",
            "dependencies": {
                "@jridgewell/resolve-uri": "^3.1.0",
                "@jridgewell/sourcemap-codec": "^1.4.14"
            }
        },
        "node_modules/@oxc-project/types": {
            "version": "0.133.0",
            "dev": true,
            "license": "MIT",
            "funding": {
                "url": "https://github.com/sponsors/Boshen"
            }
        },
        "node_modules/@rolldown/binding-darwin-arm64": {
            "version": "1.0.3",
            "cpu": [
                "arm64"
            ],
            "dev": true,
            "license": "MIT",
            "optional": true,
            "os": [
                "darwin"
            ],
            "engines": {
                "node": "^20.19.0 || >=22.12.0"
            }
        },
        "node_modules/@rolldown/pluginutils": {
            "version": "1.0.1",
            "dev": true,
            "license": "MIT"
        },
        "node_modules/@tailwindcss/node": {
            "version": "4.3.1",
            "dev": true,
            "license": "MIT",
            "dependencies": {
                "@jridgewell/remapping": "^2.3.5",
                "enhanced-resolve": "5.21.6",
                "jiti": "^2.7.0",
                "lightningcss": "1.32.0",
                "magic-string": "^0.30.21",
                "source-map-js": "^1.2.1",
                "tailwindcss": "4.3.1"
            }
        },
        "node_modules/@tailwindcss/oxide": {
            "version": "4.3.1",
            "dev": true,
            "license": "MIT",
            "engines": {
                "node": ">= 20"
            },
            "optionalDependencies": {
                "@tailwindcss/oxide-android-arm64": "4.3.1",
                "@tailwindcss/oxide-darwin-arm64": "4.3.1",
                "@tailwindcss/oxide-darwin-x64": "4.3.1",
                "@tailwindcss/oxide-freebsd-x64": "4.3.1",
                "@tailwindcss/oxide-linux-arm-gnueabihf": "4.3.1",
                "@tailwindcss/oxide-linux-arm64-gnu": "4.3.1",
                "@tailwindcss/oxide-linux-arm64-musl": "4.3.1",
                "@tailwindcss/oxide-linux-x64-gnu": "4.3.1",
                "@tailwindcss/oxide-linux-x64-musl": "4.3.1",
                "@tailwindcss/oxide-wasm32-wasi": "4.3.1",
                "@tailwindcss/oxide-win32-arm64-msvc": "4.3.1",
                "@tailwindcss/oxide-win32-x64-msvc": "4.3.1"
            }
        },
        "node_modules/@tailwindcss/oxide-darwin-arm64": {
            "version": "4.3.1",
            "cpu": [
                "arm64"
            ],
            "dev": true,
            "license": "MIT",
            "optional": true,
            "os": [
                "darwin"
            ],
            "engines": {
                "node": ">= 20"
            }
        },
        "node_modules/@tailwindcss/vite": {
            "version": "4.3.1",
            "dev": true,
            "license": "MIT",
            "dependencies": {
                "@tailwindcss/node": "4.3.1",
                "@tailwindcss/oxide": "4.3.1",
                "tailwindcss": "4.3.1"
            },
            "peerDependencies": {
                "vite": "^5.2.0 || ^6 || ^7 || ^8"
            }
        },
        "node_modules/detect-libc": {
            "version": "2.1.2",
            "dev": true,
            "license": "Apache-2.0",
            "engines": {
                "node": ">=8"
            }
        },
        "node_modules/enhanced-resolve": {
            "version": "5.21.6",
            "dev": true,
            "license": "MIT",
            "dependencies": {
                "graceful-fs": "^4.2.4",
                "tapable": "^2.3.3"
            },
            "engines": {
                "node": ">=10.13.0"
            }
        },
        "node_modules/fdir": {
            "version": "6.5.0",
            "dev": true,
            "license": "MIT",
            "engines": {
                "node": ">=12.0.0"
            },
            "peerDependencies": {
                "picomatch": "^3 || ^4"
            },
            "peerDependenciesMeta": {
                "picomatch": {
                    "optional": true
                }
            }
        },
        "node_modules/flag-icon-css": {
            "version": "3.5.0",
            "dev": true
        },
        "node_modules/graceful-fs": {
            "version": "4.2.11",
            "dev": true,
            "license": "ISC"
        },
        "node_modules/jiti": {
            "version": "2.7.0",
            "dev": true,
            "license": "MIT",
            "bin": {
                "jiti": "lib/jiti-cli.mjs"
            }
        },
        "node_modules/laravel-vite-plugin": {
            "version": "3.1.0",
            "dev": true,
            "license": "MIT",
            "dependencies": {
                "picocolors": "^1.0.0",
                "tinyglobby": "^0.2.12",
                "vite-plugin-full-reload": "^1.1.0"
            },
            "bin": {
                "clean-orphaned-assets": "bin/clean.js"
            },
            "engines": {
                "node": "^20.19.0 || >=22.12.0"
            },
            "peerDependencies": {
                "fontaine": "^0.5.0",
                "vite": "^8.0.0"
            },
            "peerDependenciesMeta": {
                "fontaine": {
                    "optional": true
                }
            }
        },
        "node_modules/lightningcss": {
            "version": "1.32.0",
            "dev": true,
            "license": "MPL-2.0",
            "dependencies": {
                "detect-libc": "^2.0.3"
            },
            "engines": {
                "node": ">= 12.0.0"
            },
            "funding": {
                "type": "opencollective",
                "url": "https://opencollective.com/parcel"
            },
            "optionalDependencies": {
                "lightningcss-android-arm64": "1.32.0",
                "lightningcss-darwin-arm64": "1.32.0",
                "lightningcss-darwin-x64": "1.32.0",
                "lightningcss-freebsd-x64": "1.32.0",
                "lightningcss-linux-arm-gnueabihf": "1.32.0",
                "lightningcss-linux-arm64-gnu": "1.32.0",
                "lightningcss-linux-arm64-musl": "1.32.0",
                "lightningcss-linux-x64-gnu": "1.32.0",
                "lightningcss-linux-x64-musl": "1.32.0",
                "lightningcss-win32-arm64-msvc": "1.32.0",
                "lightningcss-win32-x64-msvc": "1.32.0"
            }
        },
        "node_modules/lightningcss-darwin-arm64": {
            "version": "1.32.0",
            "cpu": [
                "arm64"
            ],
            "dev": true,
            "license": "MPL-2.0",
            "optional": true,
            "os": [
                "darwin"
            ],
            "engines": {
                "node": ">= 12.0.0"
            },
            "funding": {
                "type": "opencollective",
                "url": "https://opencollective.com/parcel"
            }
        },
        "node_modules/magic-string": {
            "version": "0.30.21",
            "dev": true,
            "license": "MIT",
            "dependencies": {
                "@jridgewell/sourcemap-codec": "^1.5.5"
            }
        },
        "node_modules/nanoid": {
            "version": "3.3.15",
            "dev": true,
            "funding": [
                {
                    "type": "github",
                    "url": "https://github.com/sponsors/ai"
                }
            ],
            "license": "MIT",
            "bin": {
                "nanoid": "bin/nanoid.cjs"
            },
            "engines": {
                "node": "^10 || ^12 || ^13.7 || ^14 || >=15.0.1"
            }
        },
        "node_modules/picocolors": {
            "version": "1.1.1",
            "dev": true,
            "license": "ISC"
        },
        "node_modules/picomatch": {
            "version": "4.0.4",
            "dev": true,
            "license": "MIT",
            "engines": {
                "node": ">=12"
            },
            "funding": {
                "url": "https://github.com/sponsors/jonschlinkert"
            }
        },
        "node_modules/postcss": {
            "version": "8.5.15",
            "dev": true,
            "funding": [
                {
                    "type": "opencollective",
                    "url": "https://opencollective.com/postcss/"
                },
                {
                    "type": "tidelift",
                    "url": "https://tidelift.com/funding/github/npm/postcss"
                },
                {
                    "type": "github",
                    "url": "https://github.com/sponsors/ai"
                }
            ],
            "license": "MIT",
            "dependencies": {
                "nanoid": "^3.3.12",
                "picocolors": "^1.1.1",
                "source-map-js": "^1.2.1"
            },
            "engines": {
                "node": "^10 || ^12 || >=14"
            }
        },
        "node_modules/rolldown": {
            "version": "1.0.3",
            "dev": true,
            "license": "MIT",
            "dependencies": {
                "@oxc-project/types": "=0.133.0",
                "@rolldown/pluginutils": "^1.0.0"
            },
            "bin": {
                "rolldown": "bin/cli.mjs"
            },
            "engines": {
                "node": "^20.19.0 || >=22.12.0"
            },
            "optionalDependencies": {
                "@rolldown/binding-android-arm64": "1.0.3",
                "@rolldown/binding-darwin-arm64": "1.0.3",
                "@rolldown/binding-darwin-x64": "1.0.3",
                "@rolldown/binding-freebsd-x64": "1.0.3",
                "@rolldown/binding-linux-arm-gnueabihf": "1.0.3",
                "@rolldown/binding-linux-arm64-gnu": "1.0.3",
                "@rolldown/binding-linux-arm64-musl": "1.0.3",
                "@rolldown/binding-linux-ppc64-gnu": "1.0.3",
                "@rolldown/binding-linux-s390x-gnu": "1.0.3",
                "@rolldown/binding-linux-x64-gnu": "1.0.3",
                "@rolldown/binding-linux-x64-musl": "1.0.3",
                "@rolldown/binding-openharmony-arm64": "1.0.3",
                "@rolldown/binding-wasm32-wasi": "1.0.3",
                "@rolldown/binding-win32-arm64-msvc": "1.0.3",
                "@rolldown/binding-win32-x64-msvc": "1.0.3"
            }
        },
        "node_modules/source-map-js": {
            "version": "1.2.1",
            "dev": true,
            "license": "BSD-3-Clause",
            "engines": {
                "node": ">=0.10.0"
            }
        },
        "node_modules/tailwindcss": {
            "version": "4.3.1",
            "dev": true,
            "license": "MIT"
        },
        "node_modules/tapable": {
            "version": "2.3.3",
            "dev": true,
            "license": "MIT",
            "engines": {
                "node": ">=6"
            },
            "funding": {
                "type": "opencollective",
                "url": "https://opencollective.com/webpack"
            }
        },
        "node_modules/tinyglobby": {
            "version": "0.2.17",
            "dev": true,
            "license": "MIT",
            "dependencies": {
                "fdir": "^6.5.0",
                "picomatch": "^4.0.4"
            },
            "engines": {
                "node": ">=12.0.0"
            },
            "funding": {
                "url": "https://github.com/sponsors/SuperchupuDev"
            }
        },
        "node_modules/vite": {
            "version": "8.0.16",
            "dev": true,
            "license": "MIT",
            "dependencies": {
                "lightningcss": "^1.32.0",
                "picomatch": "^4.0.4",
                "postcss": "^8.5.15",
                "rolldown": "1.0.3",
                "tinyglobby": "^0.2.17"
            },
            "bin": {
                "vite": "bin/vite.js"
            },
            "engines": {
                "node": "^20.19.0 || >=22.12.0"
            },
            "funding": {
                "url": "https://github.com/vitejs/vite?sponsor=1"
            },
            "optionalDependencies": {
                "fsevents": "~2.3.3"
            },
            "peerDependencies": {
                "@types/node": "^20.19.0 || >=22.12.0",
                "@vitejs/devtools": "^0.1.18",
                "esbuild": "^0.27.0 || ^0.28.0",
                "jiti": ">=1.21.0",
                "less": "^4.0.0",
                "sass": "^1.70.0",
                "sass-embedded": "^1.70.0",
                "stylus": ">=0.54.8",
                "sugarss": "^5.0.0",
                "terser": "^5.16.0",
                "tsx": "^4.8.1",
                "yaml": "^2.4.2"
            },
            "peerDependenciesMeta": {
                "@types/node": {
                    "optional": true
                },
                "@vitejs/devtools": {
                    "optional": true
                },
                "esbuild": {
                    "optional": true
                },
                "jiti": {
                    "optional": true
                },
                "less": {
                    "optional": true
                },
                "sass": {
                    "optional": true
                },
                "sass-embedded": {
                    "optional": true
                },
                "stylus": {
                    "optional": true
                },
                "sugarss": {
                    "optional": true
                },
                "terser": {
                    "optional": true
                },
                "tsx": {
                    "optional": true
                },
                "yaml": {
                    "optional": true
                }
            }
        },
        "node_modules/vite-plugin-full-reload": {
            "version": "1.2.0",
            "dev": true,
            "license": "MIT",
            "dependencies": {
                "picocolors": "^1.0.0",
                "picomatch": "^2.3.1"
            }
        },
        "node_modules/vite-plugin-full-reload/node_modules/picomatch": {
            "version": "2.3.2",
            "dev": true,
            "license": "MIT",
            "engines": {
                "node": ">=8.6"
            },
            "funding": {
                "url": "https://github.com/sponsors/jonschlinkert"
            }
        }
    }
}
